
Microsoft Visual Studio Solution File, Format Version 12.00
# Visual Studio 15
VisualStudioVersion = 15.0.28307.1000
MinimumVisualStudioVersion = 10.0.40219.1
Project("{FAE04EC0-301F-11D3-BF4B-00C04F79EFBC}") = "MyShop.Core", "MyShop.Core\MyShop.Core.csproj", "{80243231-7AB6-4B32-BDAC-61F8B2442C71}"
EndProject
Project("{FAE04EC0-301F-11D3-BF4B-00C04F79EFBC}") = "MyShop.Services", "MyShop.Services\MyShop.Services.csproj", "{15F37DF1-8618-4818-9984-56C8A57BC814}"
EndProject
Project("{FAE04EC0-301F-11D3-BF4B-00C04F79EFBC}") = "MyShop.DataAcess.SQL", "MyShop.DataAcess.SQL\MyShop.DataAcess.SQL.csproj", "{54B2FAC6-A9AB-4D57-840E-4C170F624906}"
EndProject
Project("{FAE04EC0-301F-11D3-BF4B-00C04F79EFBC}") = "MyShop.DataAccess.InMemory", "MyShop.DataAccess.InMemory\MyShop.DataAccess.InMemory.csproj", "{60D0CE03-5F2D-47CE-97B2-A793AEABC7B0}"
EndProject
Project("{FAE04EC0-301F-11D3-BF4B-00C04F79EFBC}") = "MyShop.WebUI", "MyShop.WebUI\MyShop.WebUI.csproj", "{4B22559F-287E-466E-B09F-0D811C4496DF}"
EndProject
Project("{FAE04EC0-301F-11D3-BF4B-00C04F79EFBC}") = "MyShop.WebUI.Tests", "MyShop.WebUI.Tests\MyShop.WebUI.Tests.csproj", "{17DDAAB6-D669-4BFD-8C83-839E87E57E49}"
EndProject
Global
	GlobalSection(SolutionConfigurationPlatforms) = preSolution
		Debug|Any CPU = Debug|Any CPU
		Release|Any CPU = Release|Any CPU
	EndGlobalSection
	GlobalSection(ProjectConfigurationPlatforms) = postSolution
		{80243231-7AB6-4B32-BDAC-61F8B2442C71}.Debug|Any CPU.ActiveCfg = Debug|Any CPU
		{80243231-7AB6-4B32-BDAC-61F8B2442C71}.Debug|Any CPU.Build.0 = Debug|Any CPU
		{80243231-7AB6-4B32-BDAC-61F8B2442C71}.Release|Any CPU.ActiveCfg = Release|Any CPU
		{80243231-7AB6-4B32-BDAC-61F8B2442C71}.Release|Any CPU.Build.0 = Release|Any CPU
		{15F37DF1-8618-4818-9984-56C8A57BC814}.Debug|Any CPU.ActiveCfg = Debug|Any CPU
		{15F37DF1-8618-4818-9984-56C8A57BC814}.Debug|Any CPU.Build.0 = Debug|Any CPU
		{15F37DF1-8618-4818-9984-56C8A57BC814}.Release|Any CPU.ActiveCfg = Release|Any CPU
		{15F37DF1-8618-4818-9984-56C8A57BC814}.Release|Any CPU.Build.0 = Release|Any CPU
		{54B2FAC6-A9AB-4D57-840E-4C170F624906}.Debug|Any CPU.ActiveCfg = Debug|Any CPU
		{54B2FAC6-A9AB-4D57-840E-4C170F624906}.Debug|Any CPU.Build.0 = Debug|Any CPU
		{54B2FAC6-A9AB-4D57-840E-4C170F624906}.Release|Any CPU.ActiveCfg = Release|Any CPU
		{54B2FAC6-A9AB-4D57-840E-4C170F624906}.Release|Any CPU.Build.0 = Release|Any CPU
		{60D0CE03-5F2D-47CE-97B2-A793AEABC7B0}.Debug|Any CPU.ActiveCfg = Debug|Any CPU
		{60D0CE03-5F2D-47CE-97B2-A793AEABC7B0}.Debug|Any CPU.Build.0 = Debug|Any CPU
		{60D0CE03-5F2D-47CE-97B2-A793AEABC7B0}.Release|Any CPU.ActiveCfg = Release|Any CPU
		{60D0CE03-5F2D-47CE-97B2-A793AEABC7B0}.Release|Any CPU.Build.0 = Release|Any CPU
		{4B22559F-287E-466E-B09F-0D811C4496DF}.Debug|Any CPU.ActiveCfg = Debug|Any CPU
		{4B22559F-287E-466E-B09F-0D811C4496DF}.Debug|Any CPU.Build.0 = Debug|Any CPU
		{4B22559F-287E-466E-B09F-0D811C4496DF}.Release|Any CPU.ActiveCfg = Release|Any CPU
		{4B22559F-287E-466E-B09F-0D811C4496DF}.Release|Any CPU.Build.0 = Release|Any CPU
		{17DDAAB6-D669-4BFD-8C83-839E87E57E49}.Debug|Any CPU.ActiveCfg = Debug|Any CPU
		{17DDAAB6-D669-4BFD-8C83-839E87E57E49}.Debug|Any CPU.Build.0 = Debug|Any CPU
		{17DDAAB6-D669-4BFD-8C83-839E87E57E49}.Release|Any CPU.ActiveCfg = Release|Any CPU
		{17DDAAB6-D669-4BFD-8C83-839E87E57E49}.Release|Any CPU.Build.0 = Release|Any CPU
	EndGlobalSection
	GlobalSection(SolutionProperties) = preSolution
		HideSolutionNode = FALSE
	EndGlobalSection
	GlobalSection(ExtensibilityGlobals) = postSolution
		SolutionGuid = {B7B229F7-F499-4A80-AB9C-5AD02BAA0482}
	EndGlobalSection
EndGlobal
